// !$*UTF8*$!
{
	archiveVersion = 1;
	classes = {
	};
	objectVersion = 56;
	objects = {

/* Begin PBXBuildFile section */
		492B6F2D2C270445003F39CB /* ImagePaginationManagerTests.swift in Sources */ = {isa = PBXBuildFile; fileRef = 492B6F2C2C270445003F39CB /* ImagePaginationManagerTests.swift */; };
		492B6F2F2C2714CF003F39CB /* SettingItemFactoryTests.swift in Sources */ = {isa = PBXBuildFile; fileRef = 492B6F2E2C2714CF003F39CB /* SettingItemFactoryTests.swift */; };
		492B6F312C27183D003F39CB /* SettingItemFactoryMock.swift in Sources */ = {isa = PBXBuildFile; fileRef = 492B6F302C27183D003F39CB /* SettingItemFactoryMock.swift */; };
		492B6F332C271C38003F39CB /* SettingModelFake.swift in Sources */ = {isa = PBXBuildFile; fileRef = 492B6F322C271C38003F39CB /* SettingModelFake.swift */; };
		492B6F372C271E48003F39CB /* TimeManagerTests.swift in Sources */ = {isa = PBXBuildFile; fileRef = 492B6F362C271E48003F39CB /* TimeManagerTests.swift */; };
		492B6F392C2721F6003F39CB /* FetchStateTests.swift in Sources */ = {isa = PBXBuildFile; fileRef = 492B6F382C2721F6003F39CB /* FetchStateTests.swift */; };
		492B6F3B2C27238B003F39CB /* FetchErrorTests.swift in Sources */ = {isa = PBXBuildFile; fileRef = 492B6F3A2C27238B003F39CB /* FetchErrorTests.swift */; };
		492B6F3D2C272752003F39CB /* CarDataFetchServiceTests.swift in Sources */ = {isa = PBXBuildFile; fileRef = 492B6F3C2C272752003F39CB /* CarDataFetchServiceTests.swift */; };
		492B6F412C272E44003F39CB /* DataFetchServiceMock.swift in Sources */ = {isa = PBXBuildFile; fileRef = 492B6F402C272E44003F39CB /* DataFetchServiceMock.swift */; };
		492B6F452C273045003F39CB /* SettingItemUIInfoMock.swift in Sources */ = {isa = PBXBuildFile; fileRef = 492B6F442C273045003F39CB /* SettingItemUIInfoMock.swift */; };
		492B6F4D2C2736F9003F39CB /* IconTests.swift in Sources */ = {isa = PBXBuildFile; fileRef = 492B6F4C2C2736F9003F39CB /* IconTests.swift */; };
		492B6F502C273737003F39CB /* IconNames.swift in Sources */ = {isa = PBXBuildFile; fileRef = 492B6F4F2C273737003F39CB /* IconNames.swift */; };
		492B6F522C27392E003F39CB /* FetchErrorDescriptions.swift in Sources */ = {isa = PBXBuildFile; fileRef = 492B6F512C27392E003F39CB /* FetchErrorDescriptions.swift */; };
		492B6F542C273964003F39CB /* DataFetchServiceInterface.swift in Sources */ = {isa = PBXBuildFile; fileRef = 492B6F532C273964003F39CB /* DataFetchServiceInterface.swift */; };
		494BF9872C28F5ED00019F55 /* FetchServiceMock.swift in Sources */ = {isa = PBXBuildFile; fileRef = 494BF9862C28F5ED00019F55 /* FetchServiceMock.swift */; };
		494BF98B2C2926D300019F55 /* ImagePagingViewModel.swift in Sources */ = {isa = PBXBuildFile; fileRef = 494BF98A2C2926D300019F55 /* ImagePagingViewModel.swift */; };
		494CF5382C2268F000DEA3DA /* MyCarApp.swift in Sources */ = {isa = PBXBuildFile; fileRef = 494CF5372C2268F000DEA3DA /* MyCarApp.swift */; };
		494CF53A2C2268F000DEA3DA /* ContentView.swift in Sources */ = {isa = PBXBuildFile; fileRef = 494CF5392C2268F000DEA3DA /* ContentView.swift */; };
		494CF53C2C2268F100DEA3DA /* Assets.xcassets in Resources */ = {isa = PBXBuildFile; fileRef = 494CF53B2C2268F100DEA3DA /* Assets.xcassets */; };
		494CF53F2C2268F100DEA3DA /* Preview Assets.xcassets in Resources */ = {isa = PBXBuildFile; fileRef = 494CF53E2C2268F100DEA3DA /* Preview Assets.xcassets */; };
		494CF5492C2268F100DEA3DA /* ScreenViewModelTests.swift in Sources */ = {isa = PBXBuildFile; fileRef = 494CF5482C2268F100DEA3DA /* ScreenViewModelTests.swift */; };
		494CF5532C2268F100DEA3DA /* MyCarUITests.swift in Sources */ = {isa = PBXBuildFile; fileRef = 494CF5522C2268F100DEA3DA /* MyCarUITests.swift */; };
		494CF5552C2268F100DEA3DA /* MyCarUITestsLaunchTests.swift in Sources */ = {isa = PBXBuildFile; fileRef = 494CF5542C2268F100DEA3DA /* MyCarUITestsLaunchTests.swift */; };
		494CF5982C23371C00DEA3DA /* ColorExtension.swift in Sources */ = {isa = PBXBuildFile; fileRef = 494CF5972C23371C00DEA3DA /* ColorExtension.swift */; };
		494CF59B2C23374500DEA3DA /* DataFetchService.swift in Sources */ = {isa = PBXBuildFile; fileRef = 494CF59A2C23374500DEA3DA /* DataFetchService.swift */; };
		494CF59D2C23402F00DEA3DA /* CarDataFetchModel.swift in Sources */ = {isa = PBXBuildFile; fileRef = 494CF59C2C23402F00DEA3DA /* CarDataFetchModel.swift */; };
		494CF59F2C23404000DEA3DA /* FetchError.swift in Sources */ = {isa = PBXBuildFile; fileRef = 494CF59E2C23404000DEA3DA /* FetchError.swift */; };
		494CF5A22C23405B00DEA3DA /* CarDataFetchServiceProtocol.swift in Sources */ = {isa = PBXBuildFile; fileRef = 494CF5A12C23405B00DEA3DA /* CarDataFetchServiceProtocol.swift */; };
		494CF5A52C23408D00DEA3DA /* CarScreenViewModel.swift in Sources */ = {isa = PBXBuildFile; fileRef = 494CF5A42C23408D00DEA3DA /* CarScreenViewModel.swift */; };
		494CF5AE2C2340FD00DEA3DA /* CarModel.swift in Sources */ = {isa = PBXBuildFile; fileRef = 494CF5AD2C2340FD00DEA3DA /* CarModel.swift */; };
		494CF5B22C23412D00DEA3DA /* EngineModel.swift in Sources */ = {isa = PBXBuildFile; fileRef = 494CF5B12C23412D00DEA3DA /* EngineModel.swift */; };
		494CF5B42C23413900DEA3DA /* DoorModel.swift in Sources */ = {isa = PBXBuildFile; fileRef = 494CF5B32C23413900DEA3DA /* DoorModel.swift */; };
		494CF5B92C23416900DEA3DA /* DoorState.swift in Sources */ = {isa = PBXBuildFile; fileRef = 494CF5B82C23416900DEA3DA /* DoorState.swift */; };
		494CF5BD2C23418D00DEA3DA /* Icons.swift in Sources */ = {isa = PBXBuildFile; fileRef = 494CF5BC2C23418D00DEA3DA /* Icons.swift */; };
		494CF5C02C2341C400DEA3DA /* CarDescriptionView.swift in Sources */ = {isa = PBXBuildFile; fileRef = 494CF5BF2C2341C400DEA3DA /* CarDescriptionView.swift */; };
		494CF5C22C2341D200DEA3DA /* CarDescrViewUIAttributes.swift in Sources */ = {isa = PBXBuildFile; fileRef = 494CF5C12C2341D200DEA3DA /* CarDescrViewUIAttributes.swift */; };
		494CF5C62C2341F600DEA3DA /* CarSettingsView.swift in Sources */ = {isa = PBXBuildFile; fileRef = 494CF5C52C2341F600DEA3DA /* CarSettingsView.swift */; };
		494CF5C82C23420700DEA3DA /* ButtonType.swift in Sources */ = {isa = PBXBuildFile; fileRef = 494CF5C72C23420700DEA3DA /* ButtonType.swift */; };
		494CF5CA2C23421400DEA3DA /* ImagesCollectionView.swift in Sources */ = {isa = PBXBuildFile; fileRef = 494CF5C92C23421400DEA3DA /* ImagesCollectionView.swift */; };
		494CF5CC2C23422100DEA3DA /* PaginationView.swift in Sources */ = {isa = PBXBuildFile; fileRef = 494CF5CB2C23422100DEA3DA /* PaginationView.swift */; };
		494CF5CE2C23422D00DEA3DA /* UpdateInfoView.swift in Sources */ = {isa = PBXBuildFile; fileRef = 494CF5CD2C23422D00DEA3DA /* UpdateInfoView.swift */; };
		494CF5D12C23426000DEA3DA /* BottomBarView.swift in Sources */ = {isa = PBXBuildFile; fileRef = 494CF5D02C23426000DEA3DA /* BottomBarView.swift */; };
		494CF5D32C23429B00DEA3DA /* Tab.swift in Sources */ = {isa = PBXBuildFile; fileRef = 494CF5D22C23429B00DEA3DA /* Tab.swift */; };
		494CF5D72C2342C300DEA3DA /* CarData.json in Resources */ = {isa = PBXBuildFile; fileRef = 494CF5D62C2342C300DEA3DA /* CarData.json */; };
		494CF5E22C234C4600DEA3DA /* CarDescriptionModel.swift in Sources */ = {isa = PBXBuildFile; fileRef = 494CF5E12C234C4600DEA3DA /* CarDescriptionModel.swift */; };
		494CF5E62C238FB100DEA3DA /* FetchState.swift in Sources */ = {isa = PBXBuildFile; fileRef = 494CF5E52C238FB100DEA3DA /* FetchState.swift */; };
		494CF5EA2C238FDC00DEA3DA /* CarScreenViewModelInterface.swift in Sources */ = {isa = PBXBuildFile; fileRef = 494CF5E92C238FDC00DEA3DA /* CarScreenViewModelInterface.swift */; };
		494CF5F02C240AA100DEA3DA /* SettingModelProtocol.swift in Sources */ = {isa = PBXBuildFile; fileRef = 494CF5EF2C240AA100DEA3DA /* SettingModelProtocol.swift */; };
		494CF5F32C240C4100DEA3DA /* SettingsModel.swift in Sources */ = {isa = PBXBuildFile; fileRef = 494CF5F22C240C4100DEA3DA /* SettingsModel.swift */; };
		494CF5FB2C24210E00DEA3DA /* EngineSettingsView.swift in Sources */ = {isa = PBXBuildFile; fileRef = 494CF5FA2C24210E00DEA3DA /* EngineSettingsView.swift */; };
		494CF5FD2C24212E00DEA3DA /* DoorsSettingsView.swift in Sources */ = {isa = PBXBuildFile; fileRef = 494CF5FC2C24212E00DEA3DA /* DoorsSettingsView.swift */; };
		494CF6052C24233000DEA3DA /* EngineItemUIInfoInterface.swift in Sources */ = {isa = PBXBuildFile; fileRef = 494CF6042C24233000DEA3DA /* EngineItemUIInfoInterface.swift */; };
		494CF6092C24240400DEA3DA /* DoorItemUIInfo.swift in Sources */ = {isa = PBXBuildFile; fileRef = 494CF6082C24240400DEA3DA /* DoorItemUIInfo.swift */; };
		494CF60D2C2431F400DEA3DA /* CircularLoadingView.swift in Sources */ = {isa = PBXBuildFile; fileRef = 494CF60C2C2431F400DEA3DA /* CircularLoadingView.swift */; };
		494CF6132C24716900DEA3DA /* ColorSpec.swift in Sources */ = {isa = PBXBuildFile; fileRef = 494CF6122C24716900DEA3DA /* ColorSpec.swift */; };
		494CF6162C2480BC00DEA3DA /* EngineState.swift in Sources */ = {isa = PBXBuildFile; fileRef = 494CF6152C2480BC00DEA3DA /* EngineState.swift */; };
		494CF6232C24BEA300DEA3DA /* TimerManager.swift in Sources */ = {isa = PBXBuildFile; fileRef = 494CF6222C24BEA300DEA3DA /* TimerManager.swift */; };
		494CF6272C256A9C00DEA3DA /* AlertView.swift in Sources */ = {isa = PBXBuildFile; fileRef = 494CF6262C256A9C00DEA3DA /* AlertView.swift */; };
		494CF62A2C258DFE00DEA3DA /* MoreIconModifer.swift in Sources */ = {isa = PBXBuildFile; fileRef = 494CF6292C258DFE00DEA3DA /* MoreIconModifer.swift */; };
		494CF62C2C258E1700DEA3DA /* PaginationViewUIAttributes.swift in Sources */ = {isa = PBXBuildFile; fileRef = 494CF62B2C258E1700DEA3DA /* PaginationViewUIAttributes.swift */; };
		494CF62E2C259A9E00DEA3DA /* BottomBarUIAttributes.swift in Sources */ = {isa = PBXBuildFile; fileRef = 494CF62D2C259A9E00DEA3DA /* BottomBarUIAttributes.swift */; };
		494CF6302C259C1D00DEA3DA /* TabItemProtocol.swift in Sources */ = {isa = PBXBuildFile; fileRef = 494CF62F2C259C1D00DEA3DA /* TabItemProtocol.swift */; };
		494CF6352C25AD6C00DEA3DA /* ImagePagingViewModelInterface.swift in Sources */ = {isa = PBXBuildFile; fileRef = 494CF6342C25AD6C00DEA3DA /* ImagePagingViewModelInterface.swift */; };
		494CF6372C25AE4200DEA3DA /* AlertTitleUITheme.swift in Sources */ = {isa = PBXBuildFile; fileRef = 494CF6362C25AE4200DEA3DA /* AlertTitleUITheme.swift */; };
		494CF63E2C25B81D00DEA3DA /* AlertButtonUITheme.swift in Sources */ = {isa = PBXBuildFile; fileRef = 494CF63D2C25B81D00DEA3DA /* AlertButtonUITheme.swift */; };
		494CF6402C25BAC800DEA3DA /* AlertViewUITheme.swift in Sources */ = {isa = PBXBuildFile; fileRef = 494CF63F2C25BAC800DEA3DA /* AlertViewUITheme.swift */; };
		494CF6422C25BF2400DEA3DA /* AlertButtonModifier.swift in Sources */ = {isa = PBXBuildFile; fileRef = 494CF6412C25BF2400DEA3DA /* AlertButtonModifier.swift */; };
		494CF6462C25DFAE00DEA3DA /* DoorUIChangableTheme.swift in Sources */ = {isa = PBXBuildFile; fileRef = 494CF6452C25DFAE00DEA3DA /* DoorUIChangableTheme.swift */; };
		494CF64A2C25E00000DEA3DA /* EngineUIChangableAttributes.swift in Sources */ = {isa = PBXBuildFile; fileRef = 494CF6492C25E00000DEA3DA /* EngineUIChangableAttributes.swift */; };
		494CF64C2C25E2C600DEA3DA /* DoorSettingsViewModifier.swift in Sources */ = {isa = PBXBuildFile; fileRef = 494CF64B2C25E2C600DEA3DA /* DoorSettingsViewModifier.swift */; };
		494CF6522C25F60900DEA3DA /* EngineSettingButtonModifier.swift in Sources */ = {isa = PBXBuildFile; fileRef = 494CF6512C25F60900DEA3DA /* EngineSettingButtonModifier.swift */; };
		494CF6562C261AB300DEA3DA /* TimerManagerInterface.swift in Sources */ = {isa = PBXBuildFile; fileRef = 494CF6552C261AB300DEA3DA /* TimerManagerInterface.swift */; };
		494CF6582C261FE600DEA3DA /* AlertViewInfo.swift in Sources */ = {isa = PBXBuildFile; fileRef = 494CF6572C261FE600DEA3DA /* AlertViewInfo.swift */; };
		494CF6612C2684E000DEA3DA /* SettingItemFactory.swift in Sources */ = {isa = PBXBuildFile; fileRef = 494CF6602C2684E000DEA3DA /* SettingItemFactory.swift */; };
		494CF6632C2684FF00DEA3DA /* SettingItemFactoryInterface.swift in Sources */ = {isa = PBXBuildFile; fileRef = 494CF6622C2684FF00DEA3DA /* SettingItemFactoryInterface.swift */; };
		494CF6652C2690A800DEA3DA /* CarDataFetchServiceMock.swift in Sources */ = {isa = PBXBuildFile; fileRef = 494CF6642C2690A800DEA3DA /* CarDataFetchServiceMock.swift */; };
		494CF6672C2690D900DEA3DA /* TimerManagerMock.swift in Sources */ = {isa = PBXBuildFile; fileRef = 494CF6662C2690D900DEA3DA /* TimerManagerMock.swift */; };
		49CF1DD22C28CF2A00337118 /* EngineItemUIInfo.swift in Sources */ = {isa = PBXBuildFile; fileRef = 49CF1DD12C28CF2A00337118 /* EngineItemUIInfo.swift */; };
		49CF1DD42C28DBCD00337118 /* DoorButtonTheme.swift in Sources */ = {isa = PBXBuildFile; fileRef = 49CF1DD32C28DBCD00337118 /* DoorButtonTheme.swift */; };
		49CF1DD82C28DC1300337118 /* DoorUIFixedTheme.swift in Sources */ = {isa = PBXBuildFile; fileRef = 49CF1DD72C28DC1300337118 /* DoorUIFixedTheme.swift */; };
		49CF1DDA2C28DC7400337118 /* CarSettingsViewTheme.swift in Sources */ = {isa = PBXBuildFile; fileRef = 49CF1DD92C28DC7400337118 /* CarSettingsViewTheme.swift */; };
		49CF1DDC2C28E47C00337118 /* DoorItemUIInfoInterface.swift in Sources */ = {isa = PBXBuildFile; fileRef = 49CF1DDB2C28E47C00337118 /* DoorItemUIInfoInterface.swift */; };
		49CF1DDE2C28E49B00337118 /* SettingItemUIInfoInterface.swift in Sources */ = {isa = PBXBuildFile; fileRef = 49CF1DDD2C28E49B00337118 /* SettingItemUIInfoInterface.swift */; };
		49CF1DE22C28EAE700337118 /* SettingsModelTests.swift in Sources */ = {isa = PBXBuildFile; fileRef = 49CF1DE12C28EAE700337118 /* SettingsModelTests.swift */; };
/* End PBXBuildFile section */

/* Begin PBXContainerItemProxy section */
		494CF5452C2268F100DEA3DA /* PBXContainerItemProxy */ = {
			isa = PBXContainerItemProxy;
			containerPortal = 494CF52C2C2268F000DEA3DA /* Project object */;
			proxyType = 1;
			remoteGlobalIDString = 494CF5332C2268F000DEA3DA;
			remoteInfo = MyCar;
		};
		494CF54F2C2268F100DEA3DA /* PBXContainerItemProxy */ = {
			isa = PBXContainerItemProxy;
			containerPortal = 494CF52C2C2268F000DEA3DA /* Project object */;
			proxyType = 1;
			remoteGlobalIDString = 494CF5332C2268F000DEA3DA;
			remoteInfo = MyCar;
		};
/* End PBXContainerItemProxy section */

/* Begin PBXFileReference section */
		492B6F2C2C270445003F39CB /* ImagePaginationManagerTests.swift */ = {isa = PBXFileReference; lastKnownFileType = sourcecode.swift; path = ImagePaginationManagerTests.swift; sourceTree = "<group>"; };
		492B6F2E2C2714CF003F39CB /* SettingItemFactoryTests.swift */ = {isa = PBXFileReference; lastKnownFileType = sourcecode.swift; path = SettingItemFactoryTests.swift; sourceTree = "<group>"; };
		492B6F302C27183D003F39CB /* SettingItemFactoryMock.swift */ = {isa = PBXFileReference; lastKnownFileType = sourcecode.swift; path = SettingItemFactoryMock.swift; sourceTree = "<group>"; };
		492B6F322C271C38003F39CB /* SettingModelFake.swift */ = {isa = PBXFileReference; lastKnownFileType = sourcecode.swift; path = SettingModelFake.swift; sourceTree = "<group>"; };
		492B6F362C271E48003F39CB /* TimeManagerTests.swift */ = {isa = PBXFileReference; lastKnownFileType = sourcecode.swift; path = TimeManagerTests.swift; sourceTree = "<group>"; };
		492B6F382C2721F6003F39CB /* FetchStateTests.swift */ = {isa = PBXFileReference; lastKnownFileType = sourcecode.swift; path = FetchStateTests.swift; sourceTree = "<group>"; };
		492B6F3A2C27238B003F39CB /* FetchErrorTests.swift */ = {isa = PBXFileReference; lastKnownFileType = sourcecode.swift; path = FetchErrorTests.swift; sourceTree = "<group>"; };
		492B6F3C2C272752003F39CB /* CarDataFetchServiceTests.swift */ = {isa = PBXFileReference; lastKnownFileType = sourcecode.swift; path = CarDataFetchServiceTests.swift; sourceTree = "<group>"; };
		492B6F402C272E44003F39CB /* DataFetchServiceMock.swift */ = {isa = PBXFileReference; lastKnownFileType = sourcecode.swift; path = DataFetchServiceMock.swift; sourceTree = "<group>"; };
		492B6F442C273045003F39CB /* SettingItemUIInfoMock.swift */ = {isa = PBXFileReference; lastKnownFileType = sourcecode.swift; path = SettingItemUIInfoMock.swift; sourceTree = "<group>"; };
		492B6F4C2C2736F9003F39CB /* IconTests.swift */ = {isa = PBXFileReference; lastKnownFileType = sourcecode.swift; path = IconTests.swift; sourceTree = "<group>"; };
		492B6F4F2C273737003F39CB /* IconNames.swift */ = {isa = PBXFileReference; lastKnownFileType = sourcecode.swift; path = IconNames.swift; sourceTree = "<group>"; };
		492B6F512C27392E003F39CB /* FetchErrorDescriptions.swift */ = {isa = PBXFileReference; lastKnownFileType = sourcecode.swift; path = FetchErrorDescriptions.swift; sourceTree = "<group>"; };
		492B6F532C273964003F39CB /* DataFetchServiceInterface.swift */ = {isa = PBXFileReference; lastKnownFileType = sourcecode.swift; path = DataFetchServiceInterface.swift; sourceTree = "<group>"; };
		494BF9862C28F5ED00019F55 /* FetchServiceMock.swift */ = {isa = PBXFileReference; lastKnownFileType = sourcecode.swift; path = FetchServiceMock.swift; sourceTree = "<group>"; };
		494BF98A2C2926D300019F55 /* ImagePagingViewModel.swift */ = {isa = PBXFileReference; fileEncoding = 4; lastKnownFileType = sourcecode.swift; path = ImagePagingViewModel.swift; sourceTree = "<group>"; };
		494CF5342C2268F000DEA3DA /* MyCar.app */ = {isa = PBXFileReference; explicitFileType = wrapper.application; includeInIndex = 0; path = MyCar.app; sourceTree = BUILT_PRODUCTS_DIR; };
		494CF5372C2268F000DEA3DA /* MyCarApp.swift */ = {isa = PBXFileReference; lastKnownFileType = sourcecode.swift; path = MyCarApp.swift; sourceTree = "<group>"; };
		494CF5392C2268F000DEA3DA /* ContentView.swift */ = {isa = PBXFileReference; lastKnownFileType = sourcecode.swift; path = ContentView.swift; sourceTree = "<group>"; };
		494CF53B2C2268F100DEA3DA /* Assets.xcassets */ = {isa = PBXFileReference; lastKnownFileType = folder.assetcatalog; path = Assets.xcassets; sourceTree = "<group>"; };
		494CF53E2C2268F100DEA3DA /* Preview Assets.xcassets */ = {isa = PBXFileReference; lastKnownFileType = folder.assetcatalog; path = "Preview Assets.xcassets"; sourceTree = "<group>"; };
		494CF5442C2268F100DEA3DA /* MyCarTests.xctest */ = {isa = PBXFileReference; explicitFileType = wrapper.cfbundle; includeInIndex = 0; path = MyCarTests.xctest; sourceTree = BUILT_PRODUCTS_DIR; };
		494CF5482C2268F100DEA3DA /* ScreenViewModelTests.swift */ = {isa = PBXFileReference; lastKnownFileType = sourcecode.swift; path = ScreenViewModelTests.swift; sourceTree = "<group>"; };
		494CF54E2C2268F100DEA3DA /* MyCarUITests.xctest */ = {isa = PBXFileReference; explicitFileType = wrapper.cfbundle; includeInIndex = 0; path = MyCarUITests.xctest; sourceTree = BUILT_PRODUCTS_DIR; };
		494CF5522C2268F100DEA3DA /* MyCarUITests.swift */ = {isa = PBXFileReference; lastKnownFileType = sourcecode.swift; path = MyCarUITests.swift; sourceTree = "<group>"; };
		494CF5542C2268F100DEA3DA /* MyCarUITestsLaunchTests.swift */ = {isa = PBXFileReference; lastKnownFileType = sourcecode.swift; path = MyCarUITestsLaunchTests.swift; sourceTree = "<group>"; };
		494CF5972C23371C00DEA3DA /* ColorExtension.swift */ = {isa = PBXFileReference; lastKnownFileType = sourcecode.swift; path = ColorExtension.swift; sourceTree = "<group>"; };
		494CF59A2C23374500DEA3DA /* DataFetchService.swift */ = {isa = PBXFileReference; lastKnownFileType = sourcecode.swift; path = DataFetchService.swift; sourceTree = "<group>"; };
		494CF59C2C23402F00DEA3DA /* CarDataFetchModel.swift */ = {isa = PBXFileReference; lastKnownFileType = sourcecode.swift; path = CarDataFetchModel.swift; sourceTree = "<group>"; };
		494CF59E2C23404000DEA3DA /* FetchError.swift */ = {isa = PBXFileReference; lastKnownFileType = sourcecode.swift; path = FetchError.swift; sourceTree = "<group>"; };
		494CF5A12C23405B00DEA3DA /* CarDataFetchServiceProtocol.swift */ = {isa = PBXFileReference; lastKnownFileType = sourcecode.swift; path = CarDataFetchServiceProtocol.swift; sourceTree = "<group>"; };
		494CF5A42C23408D00DEA3DA /* CarScreenViewModel.swift */ = {isa = PBXFileReference; lastKnownFileType = sourcecode.swift; path = CarScreenViewModel.swift; sourceTree = "<group>"; };
		494CF5AD2C2340FD00DEA3DA /* CarModel.swift */ = {isa = PBXFileReference; lastKnownFileType = sourcecode.swift; path = CarModel.swift; sourceTree = "<group>"; };
		494CF5B12C23412D00DEA3DA /* EngineModel.swift */ = {isa = PBXFileReference; lastKnownFileType = sourcecode.swift; path = EngineModel.swift; sourceTree = "<group>"; };
		494CF5B32C23413900DEA3DA /* DoorModel.swift */ = {isa = PBXFileReference; lastKnownFileType = sourcecode.swift; path = DoorModel.swift; sourceTree = "<group>"; };
		494CF5B82C23416900DEA3DA /* DoorState.swift */ = {isa = PBXFileReference; lastKnownFileType = sourcecode.swift; path = DoorState.swift; sourceTree = "<group>"; };
		494CF5BC2C23418D00DEA3DA /* Icons.swift */ = {isa = PBXFileReference; lastKnownFileType = sourcecode.swift; path = Icons.swift; sourceTree = "<group>"; };
		494CF5BF2C2341C400DEA3DA /* CarDescriptionView.swift */ = {isa = PBXFileReference; lastKnownFileType = sourcecode.swift; path = CarDescriptionView.swift; sourceTree = "<group>"; };
		494CF5C12C2341D200DEA3DA /* CarDescrViewUIAttributes.swift */ = {isa = PBXFileReference; lastKnownFileType = sourcecode.swift; path = CarDescrViewUIAttributes.swift; sourceTree = "<group>"; };
		494CF5C52C2341F600DEA3DA /* CarSettingsView.swift */ = {isa = PBXFileReference; lastKnownFileType = sourcecode.swift; path = CarSettingsView.swift; sourceTree = "<group>"; };
		494CF5C72C23420700DEA3DA /* ButtonType.swift */ = {isa = PBXFileReference; lastKnownFileType = sourcecode.swift; path = ButtonType.swift; sourceTree = "<group>"; };
		494CF5C92C23421400DEA3DA /* ImagesCollectionView.swift */ = {isa = PBXFileReference; lastKnownFileType = sourcecode.swift; path = ImagesCollectionView.swift; sourceTree = "<group>"; };
		494CF5CB2C23422100DEA3DA /* PaginationView.swift */ = {isa = PBXFileReference; lastKnownFileType = sourcecode.swift; path = PaginationView.swift; sourceTree = "<group>"; };
		494CF5CD2C23422D00DEA3DA /* UpdateInfoView.swift */ = {isa = PBXFileReference; lastKnownFileType = sourcecode.swift; path = UpdateInfoView.swift; sourceTree = "<group>"; };
		494CF5D02C23426000DEA3DA /* BottomBarView.swift */ = {isa = PBXFileReference; lastKnownFileType = sourcecode.swift; path = BottomBarView.swift; sourceTree = "<group>"; };
		494CF5D22C23429B00DEA3DA /* Tab.swift */ = {isa = PBXFileReference; lastKnownFileType = sourcecode.swift; path = Tab.swift; sourceTree = "<group>"; };
		494CF5D62C2342C300DEA3DA /* CarData.json */ = {isa = PBXFileReference; lastKnownFileType = text.json; path = CarData.json; sourceTree = "<group>"; };
		494CF5E12C234C4600DEA3DA /* CarDescriptionModel.swift */ = {isa = PBXFileReference; lastKnownFileType = sourcecode.swift; path = CarDescriptionModel.swift; sourceTree = "<group>"; };
		494CF5E52C238FB100DEA3DA /* FetchState.swift */ = {isa = PBXFileReference; lastKnownFileType = sourcecode.swift; path = FetchState.swift; sourceTree = "<group>"; };
		494CF5E92C238FDC00DEA3DA /* CarScreenViewModelInterface.swift */ = {isa = PBXFileReference; lastKnownFileType = sourcecode.swift; path = CarScreenViewModelInterface.swift; sourceTree = "<group>"; };
		494CF5EF2C240AA100DEA3DA /* SettingModelProtocol.swift */ = {isa = PBXFileReference; lastKnownFileType = sourcecode.swift; path = SettingModelProtocol.swift; sourceTree = "<group>"; };
		494CF5F22C240C4100DEA3DA /* SettingsModel.swift */ = {isa = PBXFileReference; lastKnownFileType = sourcecode.swift; path = SettingsModel.swift; sourceTree = "<group>"; };
		494CF5FA2C24210E00DEA3DA /* EngineSettingsView.swift */ = {isa = PBXFileReference; lastKnownFileType = sourcecode.swift; path = EngineSettingsView.swift; sourceTree = "<group>"; };
		494CF5FC2C24212E00DEA3DA /* DoorsSettingsView.swift */ = {isa = PBXFileReference; lastKnownFileType = sourcecode.swift; path = DoorsSettingsView.swift; sourceTree = "<group>"; };
		494CF6042C24233000DEA3DA /* EngineItemUIInfoInterface.swift */ = {isa = PBXFileReference; lastKnownFileType = sourcecode.swift; path = EngineItemUIInfoInterface.swift; sourceTree = "<group>"; };
		494CF6082C24240400DEA3DA /* DoorItemUIInfo.swift */ = {isa = PBXFileReference; lastKnownFileType = sourcecode.swift; path = DoorItemUIInfo.swift; sourceTree = "<group>"; };
		494CF60C2C2431F400DEA3DA /* CircularLoadingView.swift */ = {isa = PBXFileReference; lastKnownFileType = sourcecode.swift; path = CircularLoadingView.swift; sourceTree = "<group>"; };
		494CF6122C24716900DEA3DA /* ColorSpec.swift */ = {isa = PBXFileReference; lastKnownFileType = sourcecode.swift; path = ColorSpec.swift; sourceTree = "<group>"; };
		494CF6152C2480BC00DEA3DA /* EngineState.swift */ = {isa = PBXFileReference; lastKnownFileType = sourcecode.swift; path = EngineState.swift; sourceTree = "<group>"; };
		494CF6222C24BEA300DEA3DA /* TimerManager.swift */ = {isa = PBXFileReference; lastKnownFileType = sourcecode.swift; path = TimerManager.swift; sourceTree = "<group>"; };
		494CF6262C256A9C00DEA3DA /* AlertView.swift */ = {isa = PBXFileReference; lastKnownFileType = sourcecode.swift; path = AlertView.swift; sourceTree = "<group>"; };
		494CF6292C258DFE00DEA3DA /* MoreIconModifer.swift */ = {isa = PBXFileReference; lastKnownFileType = sourcecode.swift; path = MoreIconModifer.swift; sourceTree = "<group>"; };
		494CF62B2C258E1700DEA3DA /* PaginationViewUIAttributes.swift */ = {isa = PBXFileReference; lastKnownFileType = sourcecode.swift; path = PaginationViewUIAttributes.swift; sourceTree = "<group>"; };
		494CF62D2C259A9E00DEA3DA /* BottomBarUIAttributes.swift */ = {isa = PBXFileReference; lastKnownFileType = sourcecode.swift; path = BottomBarUIAttributes.swift; sourceTree = "<group>"; };
		494CF62F2C259C1D00DEA3DA /* TabItemProtocol.swift */ = {isa = PBXFileReference; lastKnownFileType = sourcecode.swift; path = TabItemProtocol.swift; sourceTree = "<group>"; };
		494CF6342C25AD6C00DEA3DA /* ImagePagingViewModelInterface.swift */ = {isa = PBXFileReference; lastKnownFileType = sourcecode.swift; path = ImagePagingViewModelInterface.swift; sourceTree = "<group>"; };
		494CF6362C25AE4200DEA3DA /* AlertTitleUITheme.swift */ = {isa = PBXFileReference; lastKnownFileType = sourcecode.swift; path = AlertTitleUITheme.swift; sourceTree = "<group>"; };
		494CF63D2C25B81D00DEA3DA /* AlertButtonUITheme.swift */ = {isa = PBXFileReference; lastKnownFileType = sourcecode.swift; path = AlertButtonUITheme.swift; sourceTree = "<group>"; };
		494CF63F2C25BAC800DEA3DA /* AlertViewUITheme.swift */ = {isa = PBXFileReference; lastKnownFileType = sourcecode.swift; path = AlertViewUITheme.swift; sourceTree = "<group>"; };
		494CF6412C25BF2400DEA3DA /* AlertButtonModifier.swift */ = {isa = PBXFileReference; lastKnownFileType = sourcecode.swift; path = AlertButtonModifier.swift; sourceTree = "<group>"; };
		494CF6452C25DFAE00DEA3DA /* DoorUIChangableTheme.swift */ = {isa = PBXFileReference; lastKnownFileType = sourcecode.swift; path = DoorUIChangableTheme.swift; sourceTree = "<group>"; };
		494CF6492C25E00000DEA3DA /* EngineUIChangableAttributes.swift */ = {isa = PBXFileReference; lastKnownFileType = sourcecode.swift; path = EngineUIChangableAttributes.swift; sourceTree = "<group>"; };
		494CF64B2C25E2C600DEA3DA /* DoorSettingsViewModifier.swift */ = {isa = PBXFileReference; lastKnownFileType = sourcecode.swift; path = DoorSettingsViewModifier.swift; sourceTree = "<group>"; };
		494CF6512C25F60900DEA3DA /* EngineSettingButtonModifier.swift */ = {isa = PBXFileReference; lastKnownFileType = sourcecode.swift; path = EngineSettingButtonModifier.swift; sourceTree = "<group>"; };
		494CF6552C261AB300DEA3DA /* TimerManagerInterface.swift */ = {isa = PBXFileReference; lastKnownFileType = sourcecode.swift; path = TimerManagerInterface.swift; sourceTree = "<group>"; };
		494CF6572C261FE600DEA3DA /* AlertViewInfo.swift */ = {isa = PBXFileReference; lastKnownFileType = sourcecode.swift; path = AlertViewInfo.swift; sourceTree = "<group>"; };
		494CF6602C2684E000DEA3DA /* SettingItemFactory.swift */ = {isa = PBXFileReference; lastKnownFileType = sourcecode.swift; path = SettingItemFactory.swift; sourceTree = "<group>"; };
		494CF6622C2684FF00DEA3DA /* SettingItemFactoryInterface.swift */ = {isa = PBXFileReference; lastKnownFileType = sourcecode.swift; path = SettingItemFactoryInterface.swift; sourceTree = "<group>"; };
		494CF6642C2690A800DEA3DA /* CarDataFetchServiceMock.swift */ = {isa = PBXFileReference; lastKnownFileType = sourcecode.swift; path = CarDataFetchServiceMock.swift; sourceTree = "<group>"; };
		494CF6662C2690D900DEA3DA /* TimerManagerMock.swift */ = {isa = PBXFileReference; lastKnownFileType = sourcecode.swift; path = TimerManagerMock.swift; sourceTree = "<group>"; };
		49CF1DD12C28CF2A00337118 /* EngineItemUIInfo.swift */ = {isa = PBXFileReference; lastKnownFileType = sourcecode.swift; path = EngineItemUIInfo.swift; sourceTree = "<group>"; };
		49CF1DD32C28DBCD00337118 /* DoorButtonTheme.swift */ = {isa = PBXFileReference; lastKnownFileType = sourcecode.swift; path = DoorButtonTheme.swift; sourceTree = "<group>"; };
		49CF1DD72C28DC1300337118 /* DoorUIFixedTheme.swift */ = {isa = PBXFileReference; lastKnownFileType = sourcecode.swift; path = DoorUIFixedTheme.swift; sourceTree = "<group>"; };
		49CF1DD92C28DC7400337118 /* CarSettingsViewTheme.swift */ = {isa = PBXFileReference; lastKnownFileType = sourcecode.swift; path = CarSettingsViewTheme.swift; sourceTree = "<group>"; };
		49CF1DDB2C28E47C00337118 /* DoorItemUIInfoInterface.swift */ = {isa = PBXFileReference; lastKnownFileType = sourcecode.swift; path = DoorItemUIInfoInterface.swift; sourceTree = "<group>"; };
		49CF1DDD2C28E49B00337118 /* SettingItemUIInfoInterface.swift */ = {isa = PBXFileReference; lastKnownFileType = sourcecode.swift; path = SettingItemUIInfoInterface.swift; sourceTree = "<group>"; };
		49CF1DE12C28EAE700337118 /* SettingsModelTests.swift */ = {isa = PBXFileReference; lastKnownFileType = sourcecode.swift; path = SettingsModelTests.swift; sourceTree = "<group>"; };
/* End PBXFileReference section */

/* Begin PBXFrameworksBuildPhase section */
		494CF5312C2268F000DEA3DA /* Frameworks */ = {
			isa = PBXFrameworksBuildPhase;
			buildActionMask = 2147483647;
			files = (
			);
			runOnlyForDeploymentPostprocessing = 0;
		};
		494CF5412C2268F100DEA3DA /* Frameworks */ = {
			isa = PBXFrameworksBuildPhase;
			buildActionMask = 2147483647;
			files = (
			);
			runOnlyForDeploymentPostprocessing = 0;
		};
		494CF54B2C2268F100DEA3DA /* Frameworks */ = {
			isa = PBXFrameworksBuildPhase;
			buildActionMask = 2147483647;
			files = (
			);
			runOnlyForDeploymentPostprocessing = 0;
		};
/* End PBXFrameworksBuildPhase section */

/* Begin PBXGroup section */
		492B6F2B2C270412003F39CB /* Mocks */ = {
			isa = PBXGroup;
			children = (
				492B6F442C273045003F39CB /* SettingItemUIInfoMock.swift */,
				494CF6662C2690D900DEA3DA /* TimerManagerMock.swift */,
				492B6F302C27183D003F39CB /* SettingItemFactoryMock.swift */,
				494CF6642C2690A800DEA3DA /* CarDataFetchServiceMock.swift */,
				492B6F322C271C38003F39CB /* SettingModelFake.swift */,
				494BF9862C28F5ED00019F55 /* FetchServiceMock.swift */,
				492B6F402C272E44003F39CB /* DataFetchServiceMock.swift */,
			);
			path = Mocks;
			sourceTree = "<group>";
		};
		492B6F4E2C273724003F39CB /* Icon */ = {
			isa = PBXGroup;
			children = (
				494CF5BC2C23418D00DEA3DA /* Icons.swift */,
				492B6F4F2C273737003F39CB /* IconNames.swift */,
			);
			path = Icon;
			sourceTree = "<group>";
		};
		494CF52B2C2268F000DEA3DA = {
			isa = PBXGroup;
			children = (
				494CF5362C2268F000DEA3DA /* MyCar */,
				494CF5472C2268F100DEA3DA /* MyCarTests */,
				494CF5512C2268F100DEA3DA /* MyCarUITests */,
				494CF5352C2268F000DEA3DA /* Products */,
			);
			sourceTree = "<group>";
		};
		494CF5352C2268F000DEA3DA /* Products */ = {
			isa = PBXGroup;
			children = (
				494CF5342C2268F000DEA3DA /* MyCar.app */,
				494CF5442C2268F100DEA3DA /* MyCarTests.xctest */,
				494CF54E2C2268F100DEA3DA /* MyCarUITests.xctest */,
			);
			name = Products;
			sourceTree = "<group>";
		};
		494CF5362C2268F000DEA3DA /* MyCar */ = {
			isa = PBXGroup;
			children = (
				494CF5372C2268F000DEA3DA /* MyCarApp.swift */,
				494CF6142C2472C300DEA3DA /* Helpers */,
				494CF5BE2C2341B000DEA3DA /* Views */,
				494CF5A32C23406A00DEA3DA /* ViewModels */,
				494CF5AA2C2340C500DEA3DA /* Models */,
				494CF53B2C2268F100DEA3DA /* Assets.xcassets */,
				494CF5D62C2342C300DEA3DA /* CarData.json */,
				494CF53D2C2268F100DEA3DA /* Preview Content */,
			);
			path = MyCar;
			sourceTree = "<group>";
		};
		494CF53D2C2268F100DEA3DA /* Preview Content */ = {
			isa = PBXGroup;
			children = (
				494CF53E2C2268F100DEA3DA /* Preview Assets.xcassets */,
			);
			path = "Preview Content";
			sourceTree = "<group>";
		};
		494CF5472C2268F100DEA3DA /* MyCarTests */ = {
			isa = PBXGroup;
			children = (
				494CF5482C2268F100DEA3DA /* ScreenViewModelTests.swift */,
				492B6F3C2C272752003F39CB /* CarDataFetchServiceTests.swift */,
				492B6F362C271E48003F39CB /* TimeManagerTests.swift */,
				492B6F2C2C270445003F39CB /* ImagePaginationManagerTests.swift */,
				492B6F2E2C2714CF003F39CB /* SettingItemFactoryTests.swift */,
				492B6F3A2C27238B003F39CB /* FetchErrorTests.swift */,
				492B6F382C2721F6003F39CB /* FetchStateTests.swift */,
				49CF1DE12C28EAE700337118 /* SettingsModelTests.swift */,
				492B6F4C2C2736F9003F39CB /* IconTests.swift */,
				492B6F2B2C270412003F39CB /* Mocks */,
			);
			path = MyCarTests;
			sourceTree = "<group>";
		};
		494CF5512C2268F100DEA3DA /* MyCarUITests */ = {
			isa = PBXGroup;
			children = (
				494CF5522C2268F100DEA3DA /* MyCarUITests.swift */,
				494CF5542C2268F100DEA3DA /* MyCarUITestsLaunchTests.swift */,
			);
			path = MyCarUITests;
			sourceTree = "<group>";
		};
		494CF5992C23373300DEA3DA /* DataFetch */ = {
			isa = PBXGroup;
			children = (
				494CF59A2C23374500DEA3DA /* DataFetchService.swift */,
				492B6F532C273964003F39CB /* DataFetchServiceInterface.swift */,
				494CF59C2C23402F00DEA3DA /* CarDataFetchModel.swift */,
				494CF5A12C23405B00DEA3DA /* CarDataFetchServiceProtocol.swift */,
				494CF5E52C238FB100DEA3DA /* FetchState.swift */,
				494CF59E2C23404000DEA3DA /* FetchError.swift */,
				492B6F512C27392E003F39CB /* FetchErrorDescriptions.swift */,
			);
			path = DataFetch;
			sourceTree = "<group>";
		};
		494CF5A32C23406A00DEA3DA /* ViewModels */ = {
			isa = PBXGroup;
			children = (
				494CF5A42C23408D00DEA3DA /* CarScreenViewModel.swift */,
				494CF5E92C238FDC00DEA3DA /* CarScreenViewModelInterface.swift */,
				494CF6572C261FE600DEA3DA /* AlertViewInfo.swift */,
				494CF6342C25AD6C00DEA3DA /* ImagePagingViewModelInterface.swift */,
				494BF98A2C2926D300019F55 /* ImagePagingViewModel.swift */,
				494CF6622C2684FF00DEA3DA /* SettingItemFactoryInterface.swift */,
				494CF6602C2684E000DEA3DA /* SettingItemFactory.swift */,
				494CF6552C261AB300DEA3DA /* TimerManagerInterface.swift */,
				494CF6222C24BEA300DEA3DA /* TimerManager.swift */,
			);
			path = ViewModels;
			sourceTree = "<group>";
		};
		494CF5AA2C2340C500DEA3DA /* Models */ = {
			isa = PBXGroup;
			children = (
				494CF5992C23373300DEA3DA /* DataFetch */,
				494CF5AC2C2340EC00DEA3DA /* Entities */,
			);
			path = Models;
			sourceTree = "<group>";
		};
		494CF5AC2C2340EC00DEA3DA /* Entities */ = {
			isa = PBXGroup;
			children = (
				494CF5E12C234C4600DEA3DA /* CarDescriptionModel.swift */,
				494CF5AD2C2340FD00DEA3DA /* CarModel.swift */,
				494CF5F22C240C4100DEA3DA /* SettingsModel.swift */,
				494CF5EF2C240AA100DEA3DA /* SettingModelProtocol.swift */,
				494CF5B12C23412D00DEA3DA /* EngineModel.swift */,
				494CF5B32C23413900DEA3DA /* DoorModel.swift */,
			);
			path = Entities;
			sourceTree = "<group>";
		};
		494CF5BE2C2341B000DEA3DA /* Views */ = {
			isa = PBXGroup;
			children = (
				494CF5392C2268F000DEA3DA /* ContentView.swift */,
				494CF6012C2421FB00DEA3DA /* DescriptionView */,
				494CF63A2C25B5F000DEA3DA /* ReusableViews */,
				494CF6002C2421CB00DEA3DA /* SettingsView */,
				494CF5C92C23421400DEA3DA /* ImagesCollectionView.swift */,
				494CF5C72C23420700DEA3DA /* ButtonType.swift */,
				494CF5CD2C23422D00DEA3DA /* UpdateInfoView.swift */,
			);
			path = Views;
			sourceTree = "<group>";
		};
		494CF5CF2C23423900DEA3DA /* BottomToolbar */ = {
			isa = PBXGroup;
			children = (
				494CF5D02C23426000DEA3DA /* BottomBarView.swift */,
				494CF62D2C259A9E00DEA3DA /* BottomBarUIAttributes.swift */,
				494CF5D22C23429B00DEA3DA /* Tab.swift */,
				494CF62F2C259C1D00DEA3DA /* TabItemProtocol.swift */,
			);
			path = BottomToolbar;
			sourceTree = "<group>";
		};
		494CF6002C2421CB00DEA3DA /* SettingsView */ = {
			isa = PBXGroup;
			children = (
				494CF5C52C2341F600DEA3DA /* CarSettingsView.swift */,
				49CF1DD92C28DC7400337118 /* CarSettingsViewTheme.swift */,
				49CF1DDD2C28E49B00337118 /* SettingItemUIInfoInterface.swift */,
				49CF1DD52C28DBD200337118 /* Doors */,
				49CF1DD62C28DBE100337118 /* Engine */,
			);
			path = SettingsView;
			sourceTree = "<group>";
		};
		494CF6012C2421FB00DEA3DA /* DescriptionView */ = {
			isa = PBXGroup;
			children = (
				494CF5BF2C2341C400DEA3DA /* CarDescriptionView.swift */,
				494CF5C12C2341D200DEA3DA /* CarDescrViewUIAttributes.swift */,
			);
			path = DescriptionView;
			sourceTree = "<group>";
		};
		494CF6142C2472C300DEA3DA /* Helpers */ = {
			isa = PBXGroup;
			children = (
				49DA2FCF2C2806F300E6EE4C /* Color */,
				492B6F4E2C273724003F39CB /* Icon */,
			);
			path = Helpers;
			sourceTree = "<group>";
		};
		494CF6282C258DF100DEA3DA /* Pagination */ = {
			isa = PBXGroup;
			children = (
				494CF5CB2C23422100DEA3DA /* PaginationView.swift */,
				494CF62B2C258E1700DEA3DA /* PaginationViewUIAttributes.swift */,
				494CF6292C258DFE00DEA3DA /* MoreIconModifer.swift */,
			);
			path = Pagination;
			sourceTree = "<group>";
		};
		494CF6332C25ACE300DEA3DA /* AlertView */ = {
			isa = PBXGroup;
			children = (
				494CF6262C256A9C00DEA3DA /* AlertView.swift */,
				494CF63F2C25BAC800DEA3DA /* AlertViewUITheme.swift */,
				494CF6362C25AE4200DEA3DA /* AlertTitleUITheme.swift */,
				494CF63D2C25B81D00DEA3DA /* AlertButtonUITheme.swift */,
				494CF6412C25BF2400DEA3DA /* AlertButtonModifier.swift */,
			);
			path = AlertView;
			sourceTree = "<group>";
		};
		494CF63A2C25B5F000DEA3DA /* ReusableViews */ = {
			isa = PBXGroup;
			children = (
				494CF60C2C2431F400DEA3DA /* CircularLoadingView.swift */,
				494CF6332C25ACE300DEA3DA /* AlertView */,
				494CF6282C258DF100DEA3DA /* Pagination */,
				494CF5CF2C23423900DEA3DA /* BottomToolbar */,
			);
			path = ReusableViews;
			sourceTree = "<group>";
		};
		49CF1DD52C28DBD200337118 /* Doors */ = {
			isa = PBXGroup;
			children = (
				494CF5FC2C24212E00DEA3DA /* DoorsSettingsView.swift */,
				494CF64B2C25E2C600DEA3DA /* DoorSettingsViewModifier.swift */,
				49CF1DD72C28DC1300337118 /* DoorUIFixedTheme.swift */,
				49CF1DD32C28DBCD00337118 /* DoorButtonTheme.swift */,
				49CF1DDF2C28E52900337118 /* State */,
			);
			path = Doors;
			sourceTree = "<group>";
		};
		49CF1DD62C28DBE100337118 /* Engine */ = {
			isa = PBXGroup;
			children = (
				494CF6042C24233000DEA3DA /* EngineItemUIInfoInterface.swift */,
				494CF5FA2C24210E00DEA3DA /* EngineSettingsView.swift */,
				494CF6512C25F60900DEA3DA /* EngineSettingButtonModifier.swift */,
				49CF1DE02C28E55000337118 /* State */,
			);
			path = Engine;
			sourceTree = "<group>";
		};
		49CF1DDF2C28E52900337118 /* State */ = {
			isa = PBXGroup;
			children = (
				494CF5B82C23416900DEA3DA /* DoorState.swift */,
				49CF1DDB2C28E47C00337118 /* DoorItemUIInfoInterface.swift */,
				494CF6082C24240400DEA3DA /* DoorItemUIInfo.swift */,
				494CF6452C25DFAE00DEA3DA /* DoorUIChangableTheme.swift */,
			);
			path = State;
			sourceTree = "<group>";
		};
		49CF1DE02C28E55000337118 /* State */ = {
			isa = PBXGroup;
			children = (
				494CF6152C2480BC00DEA3DA /* EngineState.swift */,
				49CF1DD12C28CF2A00337118 /* EngineItemUIInfo.swift */,
				494CF6492C25E00000DEA3DA /* EngineUIChangableAttributes.swift */,
			);
			path = State;
			sourceTree = "<group>";
		};
		49DA2FCF2C2806F300E6EE4C /* Color */ = {
			isa = PBXGroup;
			children = (
				494CF5972C23371C00DEA3DA /* ColorExtension.swift */,
				494CF6122C24716900DEA3DA /* ColorSpec.swift */,
			);
			path = Color;
			sourceTree = "<group>";
		};
/* End PBXGroup section */

/* Begin PBXNativeTarget section */
		494CF5332C2268F000DEA3DA /* MyCar */ = {
			isa = PBXNativeTarget;
			buildConfigurationList = 494CF5582C2268F100DEA3DA /* Build configuration list for PBXNativeTarget "MyCar" */;
			buildPhases = (
				494CF5302C2268F000DEA3DA /* Sources */,
				494CF5312C2268F000DEA3DA /* Frameworks */,
				494CF5322C2268F000DEA3DA /* Resources */,
			);
			buildRules = (
			);
			dependencies = (
			);
			name = MyCar;
			productName = MyCar;
			productReference = 494CF5342C2268F000DEA3DA /* MyCar.app */;
			productType = "com.apple.product-type.application";
		};
		494CF5432C2268F100DEA3DA /* MyCarTests */ = {
			isa = PBXNativeTarget;
			buildConfigurationList = 494CF55B2C2268F100DEA3DA /* Build configuration list for PBXNativeTarget "MyCarTests" */;
			buildPhases = (
				494CF5402C2268F100DEA3DA /* Sources */,
				494CF5412C2268F100DEA3DA /* Frameworks */,
				494CF5422C2268F100DEA3DA /* Resources */,
			);
			buildRules = (
			);
			dependencies = (
				494CF5462C2268F100DEA3DA /* PBXTargetDependency */,
			);
			name = MyCarTests;
			productName = MyCarTests;
			productReference = 494CF5442C2268F100DEA3DA /* MyCarTests.xctest */;
			productType = "com.apple.product-type.bundle.unit-test";
		};
		494CF54D2C2268F100DEA3DA /* MyCarUITests */ = {
			isa = PBXNativeTarget;
			buildConfigurationList = 494CF55E2C2268F100DEA3DA /* Build configuration list for PBXNativeTarget "MyCarUITests" */;
			buildPhases = (
				494CF54A2C2268F100DEA3DA /* Sources */,
				494CF54B2C2268F100DEA3DA /* Frameworks */,
				494CF54C2C2268F100DEA3DA /* Resources */,
			);
			buildRules = (
			);
			dependencies = (
				494CF5502C2268F100DEA3DA /* PBXTargetDependency */,
			);
			name = MyCarUITests;
			productName = MyCarUITests;
			productReference = 494CF54E2C2268F100DEA3DA /* MyCarUITests.xctest */;
			productType = "com.apple.product-type.bundle.ui-testing";
		};
/* End PBXNativeTarget section */

/* Begin PBXProject section */
		494CF52C2C2268F000DEA3DA /* Project object */ = {
			isa = PBXProject;
			attributes = {
				BuildIndependentTargetsInParallel = 1;
				LastSwiftUpdateCheck = 1530;
				LastUpgradeCheck = 1530;
				TargetAttributes = {
					494CF5332C2268F000DEA3DA = {
						CreatedOnToolsVersion = 15.3;
					};
					494CF5432C2268F100DEA3DA = {
						CreatedOnToolsVersion = 15.3;
						TestTargetID = 494CF5332C2268F000DEA3DA;
					};
					494CF54D2C2268F100DEA3DA = {
						CreatedOnToolsVersion = 15.3;
						TestTargetID = 494CF5332C2268F000DEA3DA;
					};
				};
			};
			buildConfigurationList = 494CF52F2C2268F000DEA3DA /* Build configuration list for PBXProject "MyCar" */;
			compatibilityVersion = "Xcode 14.0";
			developmentRegion = en;
			hasScannedForEncodings = 0;
			knownRegions = (
				en,
				Base,
			);
			mainGroup = 494CF52B2C2268F000DEA3DA;
			productRefGroup = 494CF5352C2268F000DEA3DA /* Products */;
			projectDirPath = "";
			projectRoot = "";
			targets = (
				494CF5332C2268F000DEA3DA /* MyCar */,
				494CF5432C2268F100DEA3DA /* MyCarTests */,
				494CF54D2C2268F100DEA3DA /* MyCarUITests */,
			);
		};
/* End PBXProject section */

/* Begin PBXResourcesBuildPhase section */
		494CF5322C2268F000DEA3DA /* Resources */ = {
			isa = PBXResourcesBuildPhase;
			buildActionMask = 2147483647;
			files = (
				494CF5D72C2342C300DEA3DA /* CarData.json in Resources */,
				494CF53F2C2268F100DEA3DA /* Preview Assets.xcassets in Resources */,
				494CF53C2C2268F100DEA3DA /* Assets.xcassets in Resources */,
			);
			runOnlyForDeploymentPostprocessing = 0;
		};
		494CF5422C2268F100DEA3DA /* Resources */ = {
			isa = PBXResourcesBuildPhase;
			buildActionMask = 2147483647;
			files = (
			);
			runOnlyForDeploymentPostprocessing = 0;
		};
		494CF54C2C2268F100DEA3DA /* Resources */ = {
			isa = PBXResourcesBuildPhase;
			buildActionMask = 2147483647;
			files = (
			);
			runOnlyForDeploymentPostprocessing = 0;
		};
/* End PBXResourcesBuildPhase section */

/* Begin PBXSourcesBuildPhase section */
		494CF5302C2268F000DEA3DA /* Sources */ = {
			isa = PBXSourcesBuildPhase;
			buildActionMask = 2147483647;
			files = (
				494BF98B2C2926D300019F55 /* ImagePagingViewModel.swift in Sources */,
				494CF5A22C23405B00DEA3DA /* CarDataFetchServiceProtocol.swift in Sources */,
				494CF5B42C23413900DEA3DA /* DoorModel.swift in Sources */,
				494CF60D2C2431F400DEA3DA /* CircularLoadingView.swift in Sources */,
				494CF6422C25BF2400DEA3DA /* AlertButtonModifier.swift in Sources */,
				494CF5F02C240AA100DEA3DA /* SettingModelProtocol.swift in Sources */,
				492B6F522C27392E003F39CB /* FetchErrorDescriptions.swift in Sources */,
				494CF6462C25DFAE00DEA3DA /* DoorUIChangableTheme.swift in Sources */,
				494CF5FD2C24212E00DEA3DA /* DoorsSettingsView.swift in Sources */,
				494CF5C82C23420700DEA3DA /* ButtonType.swift in Sources */,
				494CF6052C24233000DEA3DA /* EngineItemUIInfoInterface.swift in Sources */,
				492B6F542C273964003F39CB /* DataFetchServiceInterface.swift in Sources */,
				494CF53A2C2268F000DEA3DA /* ContentView.swift in Sources */,
				494CF6232C24BEA300DEA3DA /* TimerManager.swift in Sources */,
				494CF6372C25AE4200DEA3DA /* AlertTitleUITheme.swift in Sources */,
				494CF5982C23371C00DEA3DA /* ColorExtension.swift in Sources */,
				494CF6522C25F60900DEA3DA /* EngineSettingButtonModifier.swift in Sources */,
				494CF6402C25BAC800DEA3DA /* AlertViewUITheme.swift in Sources */,
				494CF5C02C2341C400DEA3DA /* CarDescriptionView.swift in Sources */,
				494CF5F32C240C4100DEA3DA /* SettingsModel.swift in Sources */,
				49CF1DD22C28CF2A00337118 /* EngineItemUIInfo.swift in Sources */,
				494CF6092C24240400DEA3DA /* DoorItemUIInfo.swift in Sources */,
				494CF5D12C23426000DEA3DA /* BottomBarView.swift in Sources */,
				494CF62C2C258E1700DEA3DA /* PaginationViewUIAttributes.swift in Sources */,
				494CF6582C261FE600DEA3DA /* AlertViewInfo.swift in Sources */,
				494CF5CE2C23422D00DEA3DA /* UpdateInfoView.swift in Sources */,
				492B6F502C273737003F39CB /* IconNames.swift in Sources */,
				494CF59B2C23374500DEA3DA /* DataFetchService.swift in Sources */,
				494CF5B22C23412D00DEA3DA /* EngineModel.swift in Sources */,
				494CF6632C2684FF00DEA3DA /* SettingItemFactoryInterface.swift in Sources */,
				494CF62A2C258DFE00DEA3DA /* MoreIconModifer.swift in Sources */,
				494CF5382C2268F000DEA3DA /* MyCarApp.swift in Sources */,
				494CF5AE2C2340FD00DEA3DA /* CarModel.swift in Sources */,
				494CF5EA2C238FDC00DEA3DA /* CarScreenViewModelInterface.swift in Sources */,
				494CF64A2C25E00000DEA3DA /* EngineUIChangableAttributes.swift in Sources */,
				494CF5FB2C24210E00DEA3DA /* EngineSettingsView.swift in Sources */,
				494CF6132C24716900DEA3DA /* ColorSpec.swift in Sources */,
				494CF6302C259C1D00DEA3DA /* TabItemProtocol.swift in Sources */,
				494CF59F2C23404000DEA3DA /* FetchError.swift in Sources */,
				494CF6612C2684E000DEA3DA /* SettingItemFactory.swift in Sources */,
				494CF63E2C25B81D00DEA3DA /* AlertButtonUITheme.swift in Sources */,
				494CF64C2C25E2C600DEA3DA /* DoorSettingsViewModifier.swift in Sources */,
				494CF5A52C23408D00DEA3DA /* CarScreenViewModel.swift in Sources */,
				494CF5C22C2341D200DEA3DA /* CarDescrViewUIAttributes.swift in Sources */,
				494CF5CA2C23421400DEA3DA /* ImagesCollectionView.swift in Sources */,
				494CF5CC2C23422100DEA3DA /* PaginationView.swift in Sources */,
				494CF62E2C259A9E00DEA3DA /* BottomBarUIAttributes.swift in Sources */,
				49CF1DD82C28DC1300337118 /* DoorUIFixedTheme.swift in Sources */,
				494CF5E62C238FB100DEA3DA /* FetchState.swift in Sources */,
				49CF1DD42C28DBCD00337118 /* DoorButtonTheme.swift in Sources */,
				494CF6162C2480BC00DEA3DA /* EngineState.swift in Sources */,
				494CF6272C256A9C00DEA3DA /* AlertView.swift in Sources */,
				49CF1DDE2C28E49B00337118 /* SettingItemUIInfoInterface.swift in Sources */,
				494CF5BD2C23418D00DEA3DA /* Icons.swift in Sources */,
				494CF59D2C23402F00DEA3DA /* CarDataFetchModel.swift in Sources */,
				494CF5B92C23416900DEA3DA /* DoorState.swift in Sources */,
				494CF5C62C2341F600DEA3DA /* CarSettingsView.swift in Sources */,
				494CF5D32C23429B00DEA3DA /* Tab.swift in Sources */,
				49CF1DDC2C28E47C00337118 /* DoorItemUIInfoInterface.swift in Sources */,
				494CF5E22C234C4600DEA3DA /* CarDescriptionModel.swift in Sources */,
				494CF6352C25AD6C00DEA3DA /* ImagePagingViewModelInterface.swift in Sources */,
				49CF1DDA2C28DC7400337118 /* CarSettingsViewTheme.swift in Sources */,
				494CF6562C261AB300DEA3DA /* TimerManagerInterface.swift in Sources */,
			);
			runOnlyForDeploymentPostprocessing = 0;
		};
		494CF5402C2268F100DEA3DA /* Sources */ = {
			isa = PBXSourcesBuildPhase;
			buildActionMask = 2147483647;
			files = (
				492B6F412C272E44003F39CB /* DataFetchServiceMock.swift in Sources */,
				494CF5492C2268F100DEA3DA /* ScreenViewModelTests.swift in Sources */,
				494BF9872C28F5ED00019F55 /* FetchServiceMock.swift in Sources */,
				492B6F2D2C270445003F39CB /* ImagePaginationManagerTests.swift in Sources */,
				492B6F2F2C2714CF003F39CB /* SettingItemFactoryTests.swift in Sources */,
				492B6F392C2721F6003F39CB /* FetchStateTests.swift in Sources */,
				492B6F4D2C2736F9003F39CB /* IconTests.swift in Sources */,
				494CF6652C2690A800DEA3DA /* CarDataFetchServiceMock.swift in Sources */,
				49CF1DE22C28EAE700337118 /* SettingsModelTests.swift in Sources */,
				492B6F312C27183D003F39CB /* SettingItemFactoryMock.swift in Sources */,
				494CF6672C2690D900DEA3DA /* TimerManagerMock.swift in Sources */,
				492B6F3D2C272752003F39CB /* CarDataFetchServiceTests.swift in Sources */,
				492B6F452C273045003F39CB /* SettingItemUIInfoMock.swift in Sources */,
				492B6F3B2C27238B003F39CB /* FetchErrorTests.swift in Sources */,
				492B6F372C271E48003F39CB /* TimeManagerTests.swift in Sources */,
				492B6F332C271C38003F39CB /* SettingModelFake.swift in Sources */,
			);
			runOnlyForDeploymentPostprocessing = 0;
		};
		494CF54A2C2268F100DEA3DA /* Sources */ = {
			isa = PBXSourcesBuildPhase;
			buildActionMask = 2147483647;
			files = (
				494CF5532C2268F100DEA3DA /* MyCarUITests.swift in Sources */,
				494CF5552C2268F100DEA3DA /* MyCarUITestsLaunchTests.swift in Sources */,
			);
			runOnlyForDeploymentPostprocessing = 0;
		};
/* End PBXSourcesBuildPhase section */

/* Begin PBXTargetDependency section */
		494CF5462C2268F100DEA3DA /* PBXTargetDependency */ = {
			isa = PBXTargetDependency;
			target = 494CF5332C2268F000DEA3DA /* MyCar */;
			targetProxy = 494CF5452C2268F100DEA3DA /* PBXContainerItemProxy */;
		};
		494CF5502C2268F100DEA3DA /* PBXTargetDependency */ = {
			isa = PBXTargetDependency;
			target = 494CF5332C2268F000DEA3DA /* MyCar */;
			targetProxy = 494CF54F2C2268F100DEA3DA /* PBXContainerItemProxy */;
		};
/* End PBXTargetDependency section */

/* Begin XCBuildConfiguration section */
		494CF5562C2268F100DEA3DA /* Debug */ = {
			isa = XCBuildConfiguration;
			buildSettings = {
				ALWAYS_SEARCH_USER_PATHS = NO;
				ASSETCATALOG_COMPILER_GENERATE_SWIFT_ASSET_SYMBOL_EXTENSIONS = YES;
				CLANG_ANALYZER_NONNULL = YES;
				CLANG_ANALYZER_NUMBER_OBJECT_CONVERSION = YES_AGGRESSIVE;
				CLANG_CXX_LANGUAGE_STANDARD = "gnu++20";
				CLANG_ENABLE_MODULES = YES;
				CLANG_ENABLE_OBJC_ARC = YES;
				CLANG_ENABLE_OBJC_WEAK = YES;
				CLANG_WARN_BLOCK_CAPTURE_AUTORELEASING = YES;
				CLANG_WARN_BOOL_CONVERSION = YES;
				CLANG_WARN_COMMA = YES;
				CLANG_WARN_CONSTANT_CONVERSION = YES;
				CLANG_WARN_DEPRECATED_OBJC_IMPLEMENTATIONS = YES;
				CLANG_WARN_DIRECT_OBJC_ISA_USAGE = YES_ERROR;
				CLANG_WARN_DOCUMENTATION_COMMENTS = YES;
				CLANG_WARN_EMPTY_BODY = YES;
				CLANG_WARN_ENUM_CONVERSION = YES;
				CLANG_WARN_INFINITE_RECURSION = YES;
				CLANG_WARN_INT_CONVERSION = YES;
				CLANG_WARN_NON_LITERAL_NULL_CONVERSION = YES;
				CLANG_WARN_OBJC_IMPLICIT_RETAIN_SELF = YES;
				CLANG_WARN_OBJC_LITERAL_CONVERSION = YES;
				CLANG_WARN_OBJC_ROOT_CLASS = YES_ERROR;
				CLANG_WARN_QUOTED_INCLUDE_IN_FRAMEWORK_HEADER = YES;
				CLANG_WARN_RANGE_LOOP_ANALYSIS = YES;
				CLANG_WARN_STRICT_PROTOTYPES = YES;
				CLANG_WARN_SUSPICIOUS_MOVE = YES;
				CLANG_WARN_UNGUARDED_AVAILABILITY = YES_AGGRESSIVE;
				CLANG_WARN_UNREACHABLE_CODE = YES;
				CLANG_WARN__DUPLICATE_METHOD_MATCH = YES;
				COPY_PHASE_STRIP = NO;
				DEBUG_INFORMATION_FORMAT = dwarf;
				ENABLE_STRICT_OBJC_MSGSEND = YES;
				ENABLE_TESTABILITY = YES;
				ENABLE_USER_SCRIPT_SANDBOXING = YES;
				GCC_C_LANGUAGE_STANDARD = gnu17;
				GCC_DYNAMIC_NO_PIC = NO;
				GCC_NO_COMMON_BLOCKS = YES;
				GCC_OPTIMIZATION_LEVEL = 0;
				GCC_PREPROCESSOR_DEFINITIONS = (
					"DEBUG=1",
					"$(inherited)",
				);
				GCC_WARN_64_TO_32_BIT_CONVERSION = YES;
				GCC_WARN_ABOUT_RETURN_TYPE = YES_ERROR;
				GCC_WARN_UNDECLARED_SELECTOR = YES;
				GCC_WARN_UNINITIALIZED_AUTOS = YES_AGGRESSIVE;
				GCC_WARN_UNUSED_FUNCTION = YES;
				GCC_WARN_UNUSED_VARIABLE = YES;
				IPHONEOS_DEPLOYMENT_TARGET = 17.4;
				LOCALIZATION_PREFERS_STRING_CATALOGS = YES;
				MTL_ENABLE_DEBUG_INFO = INCLUDE_SOURCE;
				MTL_FAST_MATH = YES;
				ONLY_ACTIVE_ARCH = YES;
				SDKROOT = iphoneos;
				SWIFT_ACTIVE_COMPILATION_CONDITIONS = "DEBUG $(inherited)";
				SWIFT_OPTIMIZATION_LEVEL = "-Onone";
			};
			name = Debug;
		};
		494CF5572C2268F100DEA3DA /* Release */ = {
			isa = XCBuildConfiguration;
			buildSettings = {
				ALWAYS_SEARCH_USER_PATHS = NO;
				ASSETCATALOG_COMPILER_GENERATE_SWIFT_ASSET_SYMBOL_EXTENSIONS = YES;
				CLANG_ANALYZER_NONNULL = YES;
				CLANG_ANALYZER_NUMBER_OBJECT_CONVERSION = YES_AGGRESSIVE;
				CLANG_CXX_LANGUAGE_STANDARD = "gnu++20";
				CLANG_ENABLE_MODULES = YES;
				CLANG_ENABLE_OBJC_ARC = YES;
				CLANG_ENABLE_OBJC_WEAK = YES;
				CLANG_WARN_BLOCK_CAPTURE_AUTORELEASING = YES;
				CLANG_WARN_BOOL_CONVERSION = YES;
				CLANG_WARN_COMMA = YES;
				CLANG_WARN_CONSTANT_CONVERSION = YES;
				CLANG_WARN_DEPRECATED_OBJC_IMPLEMENTATIONS = YES;
				CLANG_WARN_DIRECT_OBJC_ISA_USAGE = YES_ERROR;
				CLANG_WARN_DOCUMENTATION_COMMENTS = YES;
				CLANG_WARN_EMPTY_BODY = YES;
				CLANG_WARN_ENUM_CONVERSION = YES;
				CLANG_WARN_INFINITE_RECURSION = YES;
				CLANG_WARN_INT_CONVERSION = YES;
				CLANG_WARN_NON_LITERAL_NULL_CONVERSION = YES;
				CLANG_WARN_OBJC_IMPLICIT_RETAIN_SELF = YES;
				CLANG_WARN_OBJC_LITERAL_CONVERSION = YES;
				CLANG_WARN_OBJC_ROOT_CLASS = YES_ERROR;
				CLANG_WARN_QUOTED_INCLUDE_IN_FRAMEWORK_HEADER = YES;
				CLANG_WARN_RANGE_LOOP_ANALYSIS = YES;
				CLANG_WARN_STRICT_PROTOTYPES = YES;
				CLANG_WARN_SUSPICIOUS_MOVE = YES;
				CLANG_WARN_UNGUARDED_AVAILABILITY = YES_AGGRESSIVE;
				CLANG_WARN_UNREACHABLE_CODE = YES;
				CLANG_WARN__DUPLICATE_METHOD_MATCH = YES;
				COPY_PHASE_STRIP = NO;
				DEBUG_INFORMATION_FORMAT = "dwarf-with-dsym";
				ENABLE_NS_ASSERTIONS = NO;
				ENABLE_STRICT_OBJC_MSGSEND = YES;
				ENABLE_USER_SCRIPT_SANDBOXING = YES;
				GCC_C_LANGUAGE_STANDARD = gnu17;
				GCC_NO_COMMON_BLOCKS = YES;
				GCC_WARN_64_TO_32_BIT_CONVERSION = YES;
				GCC_WARN_ABOUT_RETURN_TYPE = YES_ERROR;
				GCC_WARN_UNDECLARED_SELECTOR = YES;
				GCC_WARN_UNINITIALIZED_AUTOS = YES_AGGRESSIVE;
				GCC_WARN_UNUSED_FUNCTION = YES;
				GCC_WARN_UNUSED_VARIABLE = YES;
				IPHONEOS_DEPLOYMENT_TARGET = 17.4;
				LOCALIZATION_PREFERS_STRING_CATALOGS = YES;
				MTL_ENABLE_DEBUG_INFO = NO;
				MTL_FAST_MATH = YES;
				SDKROOT = iphoneos;
				SWIFT_COMPILATION_MODE = wholemodule;
				VALIDATE_PRODUCT = YES;
			};
			name = Release;
		};
		494CF5592C2268F100DEA3DA /* Debug */ = {
			isa = XCBuildConfiguration;
			buildSettings = {
				ASSETCATALOG_COMPILER_APPICON_NAME = AppIcon;
				ASSETCATALOG_COMPILER_GLOBAL_ACCENT_COLOR_NAME = AccentColor;
				CODE_SIGN_STYLE = Automatic;
				CURRENT_PROJECT_VERSION = 1;
				DEVELOPMENT_ASSET_PATHS = "\"MyCar/Preview Content\"";
				DEVELOPMENT_TEAM = G3G9SFK8K9;
				ENABLE_PREVIEWS = YES;
				GENERATE_INFOPLIST_FILE = YES;
				INFOPLIST_KEY_UIApplicationSceneManifest_Generation = YES;
				INFOPLIST_KEY_UIApplicationSupportsIndirectInputEvents = YES;
				INFOPLIST_KEY_UILaunchScreen_Generation = YES;
				INFOPLIST_KEY_UISupportedInterfaceOrientations_iPad = "UIInterfaceOrientationPortrait UIInterfaceOrientationPortraitUpsideDown UIInterfaceOrientationLandscapeLeft UIInterfaceOrientationLandscapeRight";
				INFOPLIST_KEY_UISupportedInterfaceOrientations_iPhone = "UIInterfaceOrientationPortrait UIInterfaceOrientationLandscapeLeft UIInterfaceOrientationLandscapeRight";
				LD_RUNPATH_SEARCH_PATHS = (
					"$(inherited)",
					"@executable_path/Frameworks",
				);
				MARKETING_VERSION = 1.0;
				PRODUCT_BUNDLE_IDENTIFIER = Gohar.MyCar;
				PRODUCT_NAME = "$(TARGET_NAME)";
				SWIFT_EMIT_LOC_STRINGS = YES;
				SWIFT_VERSION = 5.0;
				TARGETED_DEVICE_FAMILY = "1,2";
			};
			name = Debug;
		};
		494CF55A2C2268F100DEA3DA /* Release */ = {
			isa = XCBuildConfiguration;
			buildSettings = {
				ASSETCATALOG_COMPILER_APPICON_NAME = AppIcon;
				ASSETCATALOG_COMPILER_GLOBAL_ACCENT_COLOR_NAME = AccentColor;
				CODE_SIGN_STYLE = Automatic;
				CURRENT_PROJECT_VERSION = 1;
				DEVELOPMENT_ASSET_PATHS = "\"MyCar/Preview Content\"";
				DEVELOPMENT_TEAM = G3G9SFK8K9;
				ENABLE_PREVIEWS = YES;
				GENERATE_INFOPLIST_FILE = YES;
				INFOPLIST_KEY_UIApplicationSceneManifest_Generation = YES;
				INFOPLIST_KEY_UIApplicationSupportsIndirectInputEvents = YES;
				INFOPLIST_KEY_UILaunchScreen_Generation = YES;
				INFOPLIST_KEY_UISupportedInterfaceOrientations_iPad = "UIInterfaceOrientationPortrait UIInterfaceOrientationPortraitUpsideDown UIInterfaceOrientationLandscapeLeft UIInterfaceOrientationLandscapeRight";
				INFOPLIST_KEY_UISupportedInterfaceOrientations_iPhone = "UIInterfaceOrientationPortrait UIInterfaceOrientationLandscapeLeft UIInterfaceOrientationLandscapeRight";
				LD_RUNPATH_SEARCH_PATHS = (
					"$(inherited)",
					"@executable_path/Frameworks",
				);
				MARKETING_VERSION = 1.0;
				PRODUCT_BUNDLE_IDENTIFIER = Gohar.MyCar;
				PRODUCT_NAME = "$(TARGET_NAME)";
				SWIFT_EMIT_LOC_STRINGS = YES;
				SWIFT_VERSION = 5.0;
				TARGETED_DEVICE_FAMILY = "1,2";
			};
			name = Release;
		};
		494CF55C2C2268F100DEA3DA /* Debug */ = {
			isa = XCBuildConfiguration;
			buildSettings = {
				ALWAYS_EMBED_SWIFT_STANDARD_LIBRARIES = YES;
				BUNDLE_LOADER = "$(TEST_HOST)";
				CODE_SIGN_STYLE = Automatic;
				CURRENT_PROJECT_VERSION = 1;
				GENERATE_INFOPLIST_FILE = YES;
				IPHONEOS_DEPLOYMENT_TARGET = 17.4;
				MARKETING_VERSION = 1.0;
				PRODUCT_BUNDLE_IDENTIFIER = Gohar.MyCarTests;
				PRODUCT_NAME = "$(TARGET_NAME)";
				SWIFT_EMIT_LOC_STRINGS = NO;
				SWIFT_VERSION = 5.0;
				TARGETED_DEVICE_FAMILY = "1,2";
				TEST_HOST = "$(BUILT_PRODUCTS_DIR)/MyCar.app/$(BUNDLE_EXECUTABLE_FOLDER_PATH)/MyCar";
			};
			name = Debug;
		};
		494CF55D2C2268F100DEA3DA /* Release */ = {
			isa = XCBuildConfiguration;
			buildSettings = {
				ALWAYS_EMBED_SWIFT_STANDARD_LIBRARIES = YES;
				BUNDLE_LOADER = "$(TEST_HOST)";
				CODE_SIGN_STYLE = Automatic;
				CURRENT_PROJECT_VERSION = 1;
				GENERATE_INFOPLIST_FILE = YES;
				IPHONEOS_DEPLOYMENT_TARGET = 17.4;
				MARKETING_VERSION = 1.0;
				PRODUCT_BUNDLE_IDENTIFIER = Gohar.MyCarTests;
				PRODUCT_NAME = "$(TARGET_NAME)";
				SWIFT_EMIT_LOC_STRINGS = NO;
				SWIFT_VERSION = 5.0;
				TARGETED_DEVICE_FAMILY = "1,2";
				TEST_HOST = "$(BUILT_PRODUCTS_DIR)/MyCar.app/$(BUNDLE_EXECUTABLE_FOLDER_PATH)/MyCar";
			};
			name = Release;
		};
		494CF55F2C2268F100DEA3DA /* Debug */ = {
			isa = XCBuildConfiguration;
			buildSettings = {
				ALWAYS_EMBED_SWIFT_STANDARD_LIBRARIES = YES;
				CODE_SIGN_STYLE = Automatic;
				CURRENT_PROJECT_VERSION = 1;
				GENERATE_INFOPLIST_FILE = YES;
				MARKETING_VERSION = 1.0;
				PRODUCT_BUNDLE_IDENTIFIER = Gohar.MyCarUITests;
				PRODUCT_NAME = "$(TARGET_NAME)";
				SWIFT_EMIT_LOC_STRINGS = NO;
				SWIFT_VERSION = 5.0;
				TARGETED_DEVICE_FAMILY = "1,2";
				TEST_TARGET_NAME = MyCar;
			};
			name = Debug;
		};
		494CF5602C2268F100DEA3DA /* Release */ = {
			isa = XCBuildConfiguration;
			buildSettings = {
				ALWAYS_EMBED_SWIFT_STANDARD_LIBRARIES = YES;
				CODE_SIGN_STYLE = Automatic;
				CURRENT_PROJECT_VERSION = 1;
				GENERATE_INFOPLIST_FILE = YES;
				MARKETING_VERSION = 1.0;
				PRODUCT_BUNDLE_IDENTIFIER = Gohar.MyCarUITests;
				PRODUCT_NAME = "$(TARGET_NAME)";
				SWIFT_EMIT_LOC_STRINGS = NO;
				SWIFT_VERSION = 5.0;
				TARGETED_DEVICE_FAMILY = "1,2";
				TEST_TARGET_NAME = MyCar;
			};
			name = Release;
		};
/* End XCBuildConfiguration section */

/* Begin XCConfigurationList section */
		494CF52F2C2268F000DEA3DA /* Build configuration list for PBXProject "MyCar" */ = {
			isa = XCConfigurationList;
			buildConfigurations = (
				494CF5562C2268F100DEA3DA /* Debug */,
				494CF5572C2268F100DEA3DA /* Release */,
			);
			defaultConfigurationIsVisible = 0;
			defaultConfigurationName = Release;
		};
		494CF5582C2268F100DEA3DA /* Build configuration list for PBXNativeTarget "MyCar" */ = {
			isa = XCConfigurationList;
			buildConfigurations = (
				494CF5592C2268F100DEA3DA /* Debug */,
				494CF55A2C2268F100DEA3DA /* Release */,
			);
			defaultConfigurationIsVisible = 0;
			defaultConfigurationName = Release;
		};
		494CF55B2C2268F100DEA3DA /* Build configuration list for PBXNativeTarget "MyCarTests" */ = {
			isa = XCConfigurationList;
			buildConfigurations = (
				494CF55C2C2268F100DEA3DA /* Debug */,
				494CF55D2C2268F100DEA3DA /* Release */,
			);
			defaultConfigurationIsVisible = 0;
			defaultConfigurationName = Release;
		};
		494CF55E2C2268F100DEA3DA /* Build configuration list for PBXNativeTarget "MyCarUITests" */ = {
			isa = XCConfigurationList;
			buildConfigurations = (
				494CF55F2C2268F100DEA3DA /* Debug */,
				494CF5602C2268F100DEA3DA /* Release */,
			);
			defaultConfigurationIsVisible = 0;
			defaultConfigurationName = Release;
		};
/* End XCConfigurationList section */
	};
	rootObject = 494CF52C2C2268F000DEA3DA /* Project object */;
}
